{
  "version": 4,
  "terraform_version": "0.12.28",
  "serial": 178,
  "lineage": "b698ca05-dc6a-93af-b6ec-f1f350c29a30",
  "outputs": {
    "kubernetes_api_dns_name": {
      "value": "kubernetes-1861523592.ap-northeast-1.elb.amazonaws.com",
      "type": "string"
    },
    "kubernetes_workers_public_ip": {
      "value": "13.112.66.24",
      "type": "string"
    }
  },
  "resources": [
    {
      "mode": "data",
      "type": "template_file",
      "name": "certificates",
      "provider": "provider.template",
      "instances": [
        {
          "schema_version": 0,
          "attributes": {
            "filename": null,
            "id": "069f92950009a1901d503130935309f1c4d94a593d3581964ef909a57503db53",
            "rendered": "{\n  \"CN\": \"kubernetes\",\n  \"hosts\": [\n    \"worker0\",\n    \"10.31.0.1\",\n    \"10.43.0.20\",\n    \"10.43.0.21\",\n    \"10.43.0.22\",\n    \"$try{aws_instance.worker.0.private_ip}\",\n    \"ip-10-43-0-20.ap-northeast-1.compute.internal\",\n    \"ip-10-43-0-21.ap-northeast-1.compute.internal\",\n    \"ip-10-43-0-22.ap-northeast-1.compute.internal\",\n    \"$try{aws_instance.worker.0.private_dns}\",\n    \"kubernetes-1861523592.ap-northeast-1.elb.amazonaws.com\",\n    \"127.0.0.1\"\n  ],\n  \"key\": {\n    \"algo\": \"rsa\",\n    \"size\": 2048\n  },\n  \"names\": [\n    {\n      \"C\": \"JP\",\n      \"L\": \"Tokyo\",\n      \"O\": \"Minato\",\n      \"OU\": \"Aoyama\"\n    }\n  ]\n}\n",
            "template": "{\n  \"CN\": \"kubernetes\",\n  \"hosts\": [\n    \"worker0\",\n    \"${kubernetes_cluster_dns}\",\n    \"${controller0_ip}\",\n    \"${controller1_ip}\",\n    \"${controller2_ip}\",\n    \"${worker0_ip}\",\n    \"${controller0_dns}\",\n    \"${controller1_dns}\",\n    \"${controller2_dns}\",\n    \"${worker0_dns}\",\n    \"${kubernetes_api_elb_dns_name}\",\n    \"127.0.0.1\"\n  ],\n  \"key\": {\n    \"algo\": \"rsa\",\n    \"size\": 2048\n  },\n  \"names\": [\n    {\n      \"C\": \"JP\",\n      \"L\": \"Tokyo\",\n      \"O\": \"Minato\",\n      \"OU\": \"Aoyama\"\n    }\n  ]\n}\n",
            "vars": {
              "controller0_dns": "ip-10-43-0-20.ap-northeast-1.compute.internal",
              "controller0_ip": "10.43.0.20",
              "controller1_dns": "ip-10-43-0-21.ap-northeast-1.compute.internal",
              "controller1_ip": "10.43.0.21",
              "controller2_dns": "ip-10-43-0-22.ap-northeast-1.compute.internal",
              "controller2_ip": "10.43.0.22",
              "kubernetes_api_elb_dns_name": "kubernetes-1861523592.ap-northeast-1.elb.amazonaws.com",
              "kubernetes_cluster_dns": "10.31.0.1",
              "worker0_dns": "$try{aws_instance.worker.0.private_dns}",
              "worker0_ip": "$try{aws_instance.worker.0.private_ip}"
            }
          }
        }
      ]
    },
    {
      "mode": "data",
      "type": "template_file",
      "name": "ssh_cfg",
      "provider": "provider.template",
      "instances": [
        {
          "schema_version": 0,
          "attributes": {
            "filename": null,
            "id": "3cff0aa35091b01fda1fa9007cd9527d17932f5f464ae64c51e46ffe712210f5",
            "rendered": "Host controller0\n  Hostname 18.181.200.68\n  User root\n  UserKnownHostsFile=/dev/null\n  StrictHostKeyChecking=no\n\nHost controller1\n  Hostname 54.95.49.164\n  User root\n  UserKnownHostsFile=/dev/null\n  StrictHostKeyChecking=no\n\nHost controller2\n  Hostname 54.95.139.38\n  User root\n  UserKnownHostsFile=/dev/null\n  StrictHostKeyChecking=no",
            "template": "Host controller0\n  Hostname ${controller0_ip}\n  User ${user}\n  UserKnownHostsFile=/dev/null\n  StrictHostKeyChecking=no\n\nHost controller1\n  Hostname ${controller1_ip}\n  User ${user}\n  UserKnownHostsFile=/dev/null\n  StrictHostKeyChecking=no\n\nHost controller2\n  Hostname ${controller2_ip}\n  User ${user}\n  UserKnownHostsFile=/dev/null\n  StrictHostKeyChecking=no",
            "vars": {
              "controller0_ip": "18.181.200.68",
              "controller1_ip": "54.95.49.164",
              "controller2_ip": "54.95.139.38",
              "user": "root",
              "worker0_ip": "$try{aws_instance.worker.0.public_ip}"
            }
          }
        }
      ]
    },
    {
      "mode": "managed",
      "type": "aws_elb",
      "name": "kubernetes_api",
      "provider": "provider.aws",
      "instances": [
        {
          "schema_version": 0,
          "attributes": {
            "access_logs": [],
            "arn": "arn:aws:elasticloadbalancing:ap-northeast-1:857124718076:loadbalancer/kubernetes",
            "availability_zones": [
              "ap-northeast-1a"
            ],
            "connection_draining": false,
            "connection_draining_timeout": 300,
            "cross_zone_load_balancing": false,
            "dns_name": "kubernetes-1861523592.ap-northeast-1.elb.amazonaws.com",
            "health_check": [
              {
                "healthy_threshold": 2,
                "interval": 30,
                "target": "HTTP:8080/healthz",
                "timeout": 15,
                "unhealthy_threshold": 2
              }
            ],
            "id": "kubernetes",
            "idle_timeout": 60,
            "instances": [
              "i-04d4e6cb844386f41",
              "i-0505e8a2cce1cbb89",
              "i-0866831caa9a6c9d4"
            ],
            "internal": false,
            "listener": [
              {
                "instance_port": 6443,
                "instance_protocol": "TCP",
                "lb_port": 6443,
                "lb_protocol": "TCP",
                "ssl_certificate_id": ""
              }
            ],
            "name": "kubernetes",
            "name_prefix": null,
            "security_groups": [
              "sg-0d21cdfa7b7c8f864"
            ],
            "source_security_group": "857124718076/kubernetes-api",
            "source_security_group_id": "sg-0d21cdfa7b7c8f864",
            "subnets": [
              "subnet-029a92b80b0243eab"
            ],
            "tags": {
              "Name": "kubernetes",
              "Owner": "Kubernetes"
            },
            "zone_id": "Z14GRHDCWA56QT"
          },
          "private": "bnVsbA==",
          "dependencies": [
            "aws_instance.controller",
            "aws_security_group.kubernetes",
            "aws_security_group.kubernetes_api",
            "aws_subnet.kubernetes",
            "aws_vpc.kubernetes"
          ]
        }
      ]
    },
    {
      "mode": "managed",
      "type": "aws_iam_instance_profile",
      "name": "kubernetes",
      "provider": "provider.aws",
      "instances": [
        {
          "status": "tainted",
          "schema_version": 0,
          "attributes": {
            "arn": "arn:aws:iam::857124718076:instance-profile/kubernetes",
            "create_date": "2020-07-07T08:42:37Z",
            "id": "kubernetes",
            "name": "kubernetes",
            "name_prefix": null,
            "path": "/",
            "role": "{aws_iam_role.kubernetes.name}",
            "roles": [],
            "unique_id": "AIPA4PEE5IX6AUVMDDDQ5"
          }
        }
      ]
    },
    {
      "mode": "managed",
      "type": "aws_instance",
      "name": "controller",
      "each": "list",
      "provider": "provider.aws",
      "instances": [
        {
          "index_key": 0,
          "schema_version": 1,
          "attributes": {
            "ami": "ami-04e6facfaefdca6ec",
            "arn": "arn:aws:ec2:ap-northeast-1:857124718076:instance/i-04d4e6cb844386f41",
            "associate_public_ip_address": true,
            "availability_zone": "ap-northeast-1a",
            "cpu_core_count": 1,
            "cpu_threads_per_core": 1,
            "credit_specification": [
              {
                "cpu_credits": "standard"
              }
            ],
            "disable_api_termination": false,
            "ebs_block_device": [],
            "ebs_optimized": false,
            "ephemeral_block_device": [],
            "get_password_data": false,
            "hibernation": false,
            "host_id": null,
            "iam_instance_profile": "",
            "id": "i-04d4e6cb844386f41",
            "instance_initiated_shutdown_behavior": null,
            "instance_state": "running",
            "instance_type": "t2.micro",
            "ipv6_address_count": 0,
            "ipv6_addresses": [],
            "key_name": "olcne-on-aws",
            "metadata_options": [
              {
                "http_endpoint": "enabled",
                "http_put_response_hop_limit": 1,
                "http_tokens": "optional"
              }
            ],
            "monitoring": false,
            "network_interface": [],
            "network_interface_id": null,
            "outpost_arn": "",
            "password_data": "",
            "placement_group": "",
            "primary_network_interface_id": "eni-0f3a636e0f08cca74",
            "private_dns": "ip-10-43-0-20.ap-northeast-1.compute.internal",
            "private_ip": "10.43.0.20",
            "public_dns": "ec2-18-181-200-68.ap-northeast-1.compute.amazonaws.com",
            "public_ip": "18.181.200.68",
            "root_block_device": [
              {
                "delete_on_termination": true,
                "device_name": "/dev/sda1",
                "encrypted": false,
                "iops": 100,
                "kms_key_id": "",
                "volume_id": "vol-0a545025e484eeda6",
                "volume_size": 2,
                "volume_type": "gp2"
              }
            ],
            "security_groups": [],
            "source_dest_check": false,
            "subnet_id": "subnet-029a92b80b0243eab",
            "tags": {
              "Name": "controller-0",
              "Owner": "Kubernetes",
              "ansibleFilter": "Kubernetes01",
              "ansibleNodeName": "controller0",
              "ansibleNodeType": "controller"
            },
            "tenancy": "default",
            "timeouts": null,
            "user_data": null,
            "user_data_base64": null,
            "volume_tags": {},
            "vpc_security_group_ids": [
              "sg-06dd4656db94f12cf"
            ]
          },
          "private": "eyJlMmJmYjczMC1lY2FhLTExZTYtOGY4OC0zNDM2M2JjN2M0YzAiOnsiY3JlYXRlIjo2MDAwMDAwMDAwMDAsImRlbGV0ZSI6MTIwMDAwMDAwMDAwMCwidXBkYXRlIjo2MDAwMDAwMDAwMDB9LCJzY2hlbWFfdmVyc2lvbiI6IjEifQ==",
          "dependencies": [
            "aws_security_group.kubernetes",
            "aws_security_group.kubernetes_api",
            "aws_subnet.kubernetes",
            "aws_vpc.kubernetes"
          ]
        },
        {
          "index_key": 1,
          "schema_version": 1,
          "attributes": {
            "ami": "ami-04e6facfaefdca6ec",
            "arn": "arn:aws:ec2:ap-northeast-1:857124718076:instance/i-0505e8a2cce1cbb89",
            "associate_public_ip_address": true,
            "availability_zone": "ap-northeast-1a",
            "cpu_core_count": 1,
            "cpu_threads_per_core": 1,
            "credit_specification": [
              {
                "cpu_credits": "standard"
              }
            ],
            "disable_api_termination": false,
            "ebs_block_device": [],
            "ebs_optimized": false,
            "ephemeral_block_device": [],
            "get_password_data": false,
            "hibernation": false,
            "host_id": null,
            "iam_instance_profile": "",
            "id": "i-0505e8a2cce1cbb89",
            "instance_initiated_shutdown_behavior": null,
            "instance_state": "running",
            "instance_type": "t2.micro",
            "ipv6_address_count": 0,
            "ipv6_addresses": [],
            "key_name": "olcne-on-aws",
            "metadata_options": [
              {
                "http_endpoint": "enabled",
                "http_put_response_hop_limit": 1,
                "http_tokens": "optional"
              }
            ],
            "monitoring": false,
            "network_interface": [],
            "network_interface_id": null,
            "outpost_arn": "",
            "password_data": "",
            "placement_group": "",
            "primary_network_interface_id": "eni-074929f5af2501cd9",
            "private_dns": "ip-10-43-0-21.ap-northeast-1.compute.internal",
            "private_ip": "10.43.0.21",
            "public_dns": "ec2-54-95-49-164.ap-northeast-1.compute.amazonaws.com",
            "public_ip": "54.95.49.164",
            "root_block_device": [
              {
                "delete_on_termination": true,
                "device_name": "/dev/sda1",
                "encrypted": false,
                "iops": 100,
                "kms_key_id": "",
                "volume_id": "vol-06a9592cd8750914b",
                "volume_size": 2,
                "volume_type": "gp2"
              }
            ],
            "security_groups": [],
            "source_dest_check": false,
            "subnet_id": "subnet-029a92b80b0243eab",
            "tags": {
              "Name": "controller-1",
              "Owner": "Kubernetes",
              "ansibleFilter": "Kubernetes01",
              "ansibleNodeName": "controller1",
              "ansibleNodeType": "controller"
            },
            "tenancy": "default",
            "timeouts": null,
            "user_data": null,
            "user_data_base64": null,
            "volume_tags": {},
            "vpc_security_group_ids": [
              "sg-06dd4656db94f12cf"
            ]
          },
          "private": "eyJlMmJmYjczMC1lY2FhLTExZTYtOGY4OC0zNDM2M2JjN2M0YzAiOnsiY3JlYXRlIjo2MDAwMDAwMDAwMDAsImRlbGV0ZSI6MTIwMDAwMDAwMDAwMCwidXBkYXRlIjo2MDAwMDAwMDAwMDB9LCJzY2hlbWFfdmVyc2lvbiI6IjEifQ==",
          "dependencies": [
            "aws_security_group.kubernetes",
            "aws_security_group.kubernetes_api",
            "aws_subnet.kubernetes",
            "aws_vpc.kubernetes"
          ]
        },
        {
          "index_key": 2,
          "schema_version": 1,
          "attributes": {
            "ami": "ami-04e6facfaefdca6ec",
            "arn": "arn:aws:ec2:ap-northeast-1:857124718076:instance/i-0866831caa9a6c9d4",
            "associate_public_ip_address": true,
            "availability_zone": "ap-northeast-1a",
            "cpu_core_count": 1,
            "cpu_threads_per_core": 1,
            "credit_specification": [
              {
                "cpu_credits": "standard"
              }
            ],
            "disable_api_termination": false,
            "ebs_block_device": [],
            "ebs_optimized": false,
            "ephemeral_block_device": [],
            "get_password_data": false,
            "hibernation": false,
            "host_id": null,
            "iam_instance_profile": "",
            "id": "i-0866831caa9a6c9d4",
            "instance_initiated_shutdown_behavior": null,
            "instance_state": "running",
            "instance_type": "t2.micro",
            "ipv6_address_count": 0,
            "ipv6_addresses": [],
            "key_name": "olcne-on-aws",
            "metadata_options": [
              {
                "http_endpoint": "enabled",
                "http_put_response_hop_limit": 1,
                "http_tokens": "optional"
              }
            ],
            "monitoring": false,
            "network_interface": [],
            "network_interface_id": null,
            "outpost_arn": "",
            "password_data": "",
            "placement_group": "",
            "primary_network_interface_id": "eni-0be70eb96d617f200",
            "private_dns": "ip-10-43-0-22.ap-northeast-1.compute.internal",
            "private_ip": "10.43.0.22",
            "public_dns": "ec2-54-95-139-38.ap-northeast-1.compute.amazonaws.com",
            "public_ip": "54.95.139.38",
            "root_block_device": [
              {
                "delete_on_termination": true,
                "device_name": "/dev/sda1",
                "encrypted": false,
                "iops": 100,
                "kms_key_id": "",
                "volume_id": "vol-06759344ab42c96a8",
                "volume_size": 2,
                "volume_type": "gp2"
              }
            ],
            "security_groups": [],
            "source_dest_check": false,
            "subnet_id": "subnet-029a92b80b0243eab",
            "tags": {
              "Name": "controller-2",
              "Owner": "Kubernetes",
              "ansibleFilter": "Kubernetes01",
              "ansibleNodeName": "controller2",
              "ansibleNodeType": "controller"
            },
            "tenancy": "default",
            "timeouts": null,
            "user_data": null,
            "user_data_base64": null,
            "volume_tags": {},
            "vpc_security_group_ids": [
              "sg-06dd4656db94f12cf"
            ]
          },
          "private": "eyJlMmJmYjczMC1lY2FhLTExZTYtOGY4OC0zNDM2M2JjN2M0YzAiOnsiY3JlYXRlIjo2MDAwMDAwMDAwMDAsImRlbGV0ZSI6MTIwMDAwMDAwMDAwMCwidXBkYXRlIjo2MDAwMDAwMDAwMDB9LCJzY2hlbWFfdmVyc2lvbiI6IjEifQ==",
          "dependencies": [
            "aws_security_group.kubernetes",
            "aws_security_group.kubernetes_api",
            "aws_subnet.kubernetes",
            "aws_vpc.kubernetes"
          ]
        }
      ]
    },
    {
      "mode": "managed",
      "type": "aws_instance",
      "name": "worker",
      "each": "list",
      "provider": "provider.aws",
      "instances": [
        {
          "index_key": 0,
          "schema_version": 1,
          "attributes": {
            "ami": "ami-04e6facfaefdca6ec",
            "arn": "arn:aws:ec2:ap-northeast-1:857124718076:instance/i-03d1fa921ee40e2b9",
            "associate_public_ip_address": true,
            "availability_zone": "ap-northeast-1a",
            "cpu_core_count": 1,
            "cpu_threads_per_core": 1,
            "credit_specification": [
              {
                "cpu_credits": "standard"
              }
            ],
            "disable_api_termination": false,
            "ebs_block_device": [],
            "ebs_optimized": false,
            "ephemeral_block_device": [],
            "get_password_data": false,
            "hibernation": false,
            "host_id": null,
            "iam_instance_profile": "",
            "id": "i-03d1fa921ee40e2b9",
            "instance_initiated_shutdown_behavior": null,
            "instance_state": "running",
            "instance_type": "t2.micro",
            "ipv6_address_count": 0,
            "ipv6_addresses": [],
            "key_name": "olcne-on-aws",
            "metadata_options": [
              {
                "http_endpoint": "enabled",
                "http_put_response_hop_limit": 1,
                "http_tokens": "optional"
              }
            ],
            "monitoring": false,
            "network_interface": [],
            "network_interface_id": null,
            "outpost_arn": "",
            "password_data": "",
            "placement_group": "",
            "primary_network_interface_id": "eni-0ee71b640c5d76c61",
            "private_dns": "ip-10-43-0-30.ap-northeast-1.compute.internal",
            "private_ip": "10.43.0.30",
            "public_dns": "ec2-13-112-66-24.ap-northeast-1.compute.amazonaws.com",
            "public_ip": "13.112.66.24",
            "root_block_device": [
              {
                "delete_on_termination": true,
                "device_name": "/dev/sda1",
                "encrypted": false,
                "iops": 100,
                "kms_key_id": "",
                "volume_id": "vol-0f6847750c8a9b8b8",
                "volume_size": 2,
                "volume_type": "gp2"
              }
            ],
            "security_groups": [],
            "source_dest_check": false,
            "subnet_id": "subnet-029a92b80b0243eab",
            "tags": {
              "Name": "worker-0",
              "Owner": "Kubernetes",
              "ansibleFilter": "Kubernetes01",
              "ansibleNodeName": "worker0",
              "ansibleNodeType": "worker"
            },
            "tenancy": "default",
            "timeouts": null,
            "user_data": null,
            "user_data_base64": null,
            "volume_tags": {},
            "vpc_security_group_ids": [
              "sg-06dd4656db94f12cf"
            ]
          },
          "private": "eyJlMmJmYjczMC1lY2FhLTExZTYtOGY4OC0zNDM2M2JjN2M0YzAiOnsiY3JlYXRlIjo2MDAwMDAwMDAwMDAsImRlbGV0ZSI6MTIwMDAwMDAwMDAwMCwidXBkYXRlIjo2MDAwMDAwMDAwMDB9LCJzY2hlbWFfdmVyc2lvbiI6IjEifQ==",
          "dependencies": [
            "aws_security_group.kubernetes",
            "aws_security_group.kubernetes_api",
            "aws_subnet.kubernetes",
            "aws_vpc.kubernetes"
          ]
        }
      ]
    },
    {
      "mode": "managed",
      "type": "aws_internet_gateway",
      "name": "gw",
      "provider": "provider.aws",
      "instances": [
        {
          "schema_version": 0,
          "attributes": {
            "arn": "arn:aws:ec2:ap-northeast-1:857124718076:internet-gateway/igw-0db23948341429682",
            "id": "igw-0db23948341429682",
            "owner_id": "857124718076",
            "tags": {
              "Name": "kubernetes",
              "Owner": "Kubernetes"
            },
            "vpc_id": "vpc-053188b34b8a0bed9"
          },
          "private": "bnVsbA==",
          "dependencies": [
            "aws_vpc.kubernetes"
          ]
        }
      ]
    },
    {
      "mode": "managed",
      "type": "aws_route_table",
      "name": "kubernetes",
      "provider": "provider.aws",
      "instances": [
        {
          "schema_version": 0,
          "attributes": {
            "id": "rtb-02b318f1814a1d155",
            "owner_id": "857124718076",
            "propagating_vgws": [],
            "route": [
              {
                "cidr_block": "0.0.0.0/0",
                "egress_only_gateway_id": "",
                "gateway_id": "igw-0db23948341429682",
                "instance_id": "",
                "ipv6_cidr_block": "",
                "nat_gateway_id": "",
                "network_interface_id": "",
                "transit_gateway_id": "",
                "vpc_peering_connection_id": ""
              }
            ],
            "tags": {
              "Name": "kubernetes",
              "Owner": "Kubernetes"
            },
            "vpc_id": "vpc-053188b34b8a0bed9"
          },
          "private": "bnVsbA==",
          "dependencies": [
            "aws_internet_gateway.gw",
            "aws_vpc.kubernetes"
          ]
        }
      ]
    },
    {
      "mode": "managed",
      "type": "aws_route_table_association",
      "name": "kubernetes",
      "provider": "provider.aws",
      "instances": [
        {
          "schema_version": 0,
          "attributes": {
            "gateway_id": null,
            "id": "rtbassoc-0a6d778aa6160cb36",
            "route_table_id": "rtb-02b318f1814a1d155",
            "subnet_id": "subnet-029a92b80b0243eab"
          },
          "private": "bnVsbA==",
          "dependencies": [
            "aws_internet_gateway.gw",
            "aws_route_table.kubernetes",
            "aws_subnet.kubernetes",
            "aws_vpc.kubernetes"
          ]
        }
      ]
    },
    {
      "mode": "managed",
      "type": "aws_security_group",
      "name": "kubernetes",
      "provider": "provider.aws",
      "instances": [
        {
          "schema_version": 1,
          "attributes": {
            "arn": "arn:aws:ec2:ap-northeast-1:857124718076:security-group/sg-06dd4656db94f12cf",
            "description": "Managed by Terraform",
            "egress": [
              {
                "cidr_blocks": [
                  "0.0.0.0/0"
                ],
                "description": "",
                "from_port": 0,
                "ipv6_cidr_blocks": [],
                "prefix_list_ids": [],
                "protocol": "-1",
                "security_groups": [],
                "self": false,
                "to_port": 0
              }
            ],
            "id": "sg-06dd4656db94f12cf",
            "ingress": [
              {
                "cidr_blocks": [
                  "10.43.0.0/16"
                ],
                "description": "",
                "from_port": 0,
                "ipv6_cidr_blocks": [],
                "prefix_list_ids": [],
                "protocol": "-1",
                "security_groups": [],
                "self": false,
                "to_port": 0
              },
              {
                "cidr_blocks": [
                  "10.43.0.0/16"
                ],
                "description": "",
                "from_port": 8,
                "ipv6_cidr_blocks": [],
                "prefix_list_ids": [],
                "protocol": "icmp",
                "security_groups": [],
                "self": false,
                "to_port": 0
              },
              {
                "cidr_blocks": [],
                "description": "",
                "from_port": 0,
                "ipv6_cidr_blocks": [],
                "prefix_list_ids": [],
                "protocol": "-1",
                "security_groups": [
                  "sg-0d21cdfa7b7c8f864"
                ],
                "self": false,
                "to_port": 0
              }
            ],
            "name": "kubernetes",
            "name_prefix": null,
            "owner_id": "857124718076",
            "revoke_rules_on_delete": false,
            "tags": {
              "Name": "kubernetes",
              "Owner": "Kubernetes"
            },
            "timeouts": null,
            "vpc_id": "vpc-053188b34b8a0bed9"
          },
          "private": "eyJlMmJmYjczMC1lY2FhLTExZTYtOGY4OC0zNDM2M2JjN2M0YzAiOnsiY3JlYXRlIjo2MDAwMDAwMDAwMDAsImRlbGV0ZSI6NjAwMDAwMDAwMDAwfSwic2NoZW1hX3ZlcnNpb24iOiIxIn0=",
          "dependencies": [
            "aws_security_group.kubernetes_api",
            "aws_vpc.kubernetes"
          ]
        }
      ]
    },
    {
      "mode": "managed",
      "type": "aws_security_group",
      "name": "kubernetes_api",
      "provider": "provider.aws",
      "instances": [
        {
          "schema_version": 1,
          "attributes": {
            "arn": "arn:aws:ec2:ap-northeast-1:857124718076:security-group/sg-0d21cdfa7b7c8f864",
            "description": "Managed by Terraform",
            "egress": [
              {
                "cidr_blocks": [
                  "0.0.0.0/0"
                ],
                "description": "",
                "from_port": 0,
                "ipv6_cidr_blocks": [],
                "prefix_list_ids": [],
                "protocol": "-1",
                "security_groups": [],
                "self": false,
                "to_port": 0
              }
            ],
            "id": "sg-0d21cdfa7b7c8f864",
            "ingress": [
              {
                "cidr_blocks": [
                  "10.43.0.0/16"
                ],
                "description": "",
                "from_port": 6443,
                "ipv6_cidr_blocks": [],
                "prefix_list_ids": [],
                "protocol": "tcp",
                "security_groups": [],
                "self": false,
                "to_port": 6443
              }
            ],
            "name": "kubernetes-api",
            "name_prefix": null,
            "owner_id": "857124718076",
            "revoke_rules_on_delete": false,
            "tags": {
              "Name": "kubernetes-api",
              "Owner": "Kubernetes"
            },
            "timeouts": null,
            "vpc_id": "vpc-053188b34b8a0bed9"
          },
          "private": "eyJlMmJmYjczMC1lY2FhLTExZTYtOGY4OC0zNDM2M2JjN2M0YzAiOnsiY3JlYXRlIjo2MDAwMDAwMDAwMDAsImRlbGV0ZSI6NjAwMDAwMDAwMDAwfSwic2NoZW1hX3ZlcnNpb24iOiIxIn0=",
          "dependencies": [
            "aws_vpc.kubernetes"
          ]
        }
      ]
    },
    {
      "mode": "managed",
      "type": "aws_subnet",
      "name": "kubernetes",
      "provider": "provider.aws",
      "instances": [
        {
          "schema_version": 1,
          "attributes": {
            "arn": "arn:aws:ec2:ap-northeast-1:857124718076:subnet/subnet-029a92b80b0243eab",
            "assign_ipv6_address_on_creation": false,
            "availability_zone": "ap-northeast-1a",
            "availability_zone_id": "apne1-az4",
            "cidr_block": "10.43.0.0/16",
            "id": "subnet-029a92b80b0243eab",
            "ipv6_cidr_block": "",
            "ipv6_cidr_block_association_id": "",
            "map_public_ip_on_launch": false,
            "outpost_arn": "",
            "owner_id": "857124718076",
            "tags": {
              "Name": "kubernetes",
              "Owner": "Kubernetes"
            },
            "timeouts": null,
            "vpc_id": "vpc-053188b34b8a0bed9"
          },
          "private": "eyJlMmJmYjczMC1lY2FhLTExZTYtOGY4OC0zNDM2M2JjN2M0YzAiOnsiY3JlYXRlIjo2MDAwMDAwMDAwMDAsImRlbGV0ZSI6MTIwMDAwMDAwMDAwMH0sInNjaGVtYV92ZXJzaW9uIjoiMSJ9",
          "dependencies": [
            "aws_vpc.kubernetes"
          ]
        }
      ]
    },
    {
      "mode": "managed",
      "type": "aws_vpc",
      "name": "kubernetes",
      "provider": "provider.aws",
      "instances": [
        {
          "schema_version": 1,
          "attributes": {
            "arn": "arn:aws:ec2:ap-northeast-1:857124718076:vpc/vpc-053188b34b8a0bed9",
            "assign_generated_ipv6_cidr_block": false,
            "cidr_block": "10.43.0.0/16",
            "default_network_acl_id": "acl-0d4f8791f350866ae",
            "default_route_table_id": "rtb-0d0943ea766426202",
            "default_security_group_id": "sg-048af8b3a35557106",
            "dhcp_options_id": "dopt-04c9f463",
            "enable_classiclink": false,
            "enable_classiclink_dns_support": false,
            "enable_dns_hostnames": true,
            "enable_dns_support": true,
            "id": "vpc-053188b34b8a0bed9",
            "instance_tenancy": "default",
            "ipv6_association_id": "",
            "ipv6_cidr_block": "",
            "main_route_table_id": "rtb-0d0943ea766426202",
            "owner_id": "857124718076",
            "tags": {
              "Name": "kubernetes",
              "Owner": "Kubernetes"
            }
          },
          "private": "eyJzY2hlbWFfdmVyc2lvbiI6IjEifQ=="
        }
      ]
    },
    {
      "mode": "managed",
      "type": "null_resource",
      "name": "certificates",
      "provider": "provider.null",
      "instances": [
        {
          "status": "tainted",
          "schema_version": 0,
          "attributes": {
            "id": "8595986437449033960",
            "triggers": {
              "template_rendered": "{\n  \"CN\": \"kubernetes\",\n  \"hosts\": [\n    \"worker0\",\n    \"10.31.0.1\",\n    \"10.43.0.20\",\n    \"10.43.0.21\",\n    \"10.43.0.22\",\n    \"$try{aws_instance.worker.0.private_ip}\",\n    \"ip-10-43-0-20.ap-northeast-1.compute.internal\",\n    \"ip-10-43-0-21.ap-northeast-1.compute.internal\",\n    \"ip-10-43-0-22.ap-northeast-1.compute.internal\",\n    \"$try{aws_instance.worker.0.private_dns}\",\n    \"kubernetes-1861523592.ap-northeast-1.elb.amazonaws.com\",\n    \"127.0.0.1\"\n  ],\n  \"key\": {\n    \"algo\": \"rsa\",\n    \"size\": 2048\n  },\n  \"names\": [\n    {\n      \"C\": \"JP\",\n      \"L\": \"Tokyo\",\n      \"O\": \"Minato\",\n      \"OU\": \"Aoyama\"\n    }\n  ]\n}\n"
            }
          },
          "private": "bnVsbA==",
          "dependencies": [
            "aws_elb.kubernetes_api",
            "aws_instance.controller",
            "aws_instance.worker",
            "aws_security_group.kubernetes",
            "aws_security_group.kubernetes_api",
            "aws_subnet.kubernetes",
            "aws_vpc.kubernetes"
          ]
        }
      ]
    },
    {
      "mode": "managed",
      "type": "null_resource",
      "name": "ssh_cfg",
      "provider": "provider.null",
      "instances": [
        {
          "schema_version": 0,
          "attributes": {
            "id": "5440409023633313257",
            "triggers": {
              "template_rendered": "Host controller0\n  Hostname 18.181.200.68\n  User root\n  UserKnownHostsFile=/dev/null\n  StrictHostKeyChecking=no\n\nHost controller1\n  Hostname 54.95.49.164\n  User root\n  UserKnownHostsFile=/dev/null\n  StrictHostKeyChecking=no\n\nHost controller2\n  Hostname 54.95.139.38\n  User root\n  UserKnownHostsFile=/dev/null\n  StrictHostKeyChecking=no"
            }
          },
          "private": "bnVsbA==",
          "dependencies": [
            "aws_instance.controller",
            "aws_instance.worker",
            "aws_security_group.kubernetes",
            "aws_security_group.kubernetes_api",
            "aws_subnet.kubernetes",
            "aws_vpc.kubernetes"
          ]
        }
      ]
    }
  ]
}
